// !$*UTF8*$!
{
	archiveVersion = 1;
	classes = {
	};
	objectVersion = 77;
	objects = {

/* Begin PBXBuildFile section */
		B07CED43732D71BF98BA0B1B /* swiss_barWidgets.appex in Embed Foundation Extensions */ = {isa = PBXBuildFile; fileRef = AA487C6B4CFC4352B4B68D6D /* swiss_barWidgets.appex */; settings = {ATTRIBUTES = (RemoveHeadersOnCopy, ); }; };
		B0BA9319675ECF4848C7E970 /* Cocoa.framework in Frameworks */ = {isa = PBXBuildFile; fileRef = 2DE38EE1C13C67C83196F298 /* Cocoa.framework */; };
/* End PBXBuildFile section */

/* Begin PBXContainerItemProxy section */
		0C173A333008C98D000EDC2D /* PBXContainerItemProxy */ = {
			isa = PBXContainerItemProxy;
			containerPortal = 0C173A1D3008C98B000EDC2D /* Project object */;
			proxyType = 1;
			remoteGlobalIDString = 0C173A243008C98B000EDC2D;
			remoteInfo = swiss_bar;
		};
		0C173A3D3008C98D000EDC2D /* PBXContainerItemProxy */ = {
			isa = PBXContainerItemProxy;
			containerPortal = 0C173A1D3008C98B000EDC2D /* Project object */;
			proxyType = 1;
			remoteGlobalIDString = 0C173A243008C98B000EDC2D;
			remoteInfo = swiss_bar;
		};
		62FA0B0411502DB1E360857C /* PBXContainerItemProxy */ = {
			isa = PBXContainerItemProxy;
			containerPortal = 0C173A1D3008C98B000EDC2D /* Project object */;
			proxyType = 1;
			remoteGlobalIDString = 2021601FB3DCD04C71E9BE80;
			remoteInfo = swiss_barWidgets;
		};
/* End PBXContainerItemProxy section */

/* Begin PBXCopyFilesBuildPhase section */
		DED85FDC3C6939F3EBF3B6A4 /* Embed Foundation Extensions */ = {
			isa = PBXCopyFilesBuildPhase;
			buildActionMask = 2147483647;
			dstPath = "";
			dstSubfolderSpec = 13;
			files = (
				B07CED43732D71BF98BA0B1B /* swiss_barWidgets.appex in Embed Foundation Extensions */,
			);
			name = "Embed Foundation Extensions";
			runOnlyForDeploymentPostprocessing = 0;
		};
/* End PBXCopyFilesBuildPhase section */

/* Begin PBXFileReference section */
		0C173A253008C98B000EDC2D /* swiss_bar.app */ = {isa = PBXFileReference; explicitFileType = wrapper.application; includeInIndex = 0; path = swiss_bar.app; sourceTree = BUILT_PRODUCTS_DIR; };
		0C173A323008C98D000EDC2D /* swiss_barTests.xctest */ = {isa = PBXFileReference; explicitFileType = wrapper.cfbundle; includeInIndex = 0; path = swiss_barTests.xctest; sourceTree = BUILT_PRODUCTS_DIR; };
		0C173A3C3008C98D000EDC2D /* swiss_barUITests.xctest */ = {isa = PBXFileReference; explicitFileType = wrapper.cfbundle; includeInIndex = 0; path = swiss_barUITests.xctest; sourceTree = BUILT_PRODUCTS_DIR; };
		2DE38EE1C13C67C83196F298 /* Cocoa.framework */ = {isa = PBXFileReference; lastKnownFileType = wrapper.framework; name = Cocoa.framework; path = Platforms/MacOSX.platform/Developer/SDKs/MacOSX26.0.sdk/System/Library/Frameworks/Cocoa.framework; sourceTree = DEVELOPER_DIR; };
		AA487C6B4CFC4352B4B68D6D /* swiss_barWidgets.appex */ = {isa = PBXFileReference; explicitFileType = "wrapper.app-extension"; includeInIndex = 0; path = swiss_barWidgets.appex; sourceTree = BUILT_PRODUCTS_DIR; };
/* End PBXFileReference section */

/* Begin PBXFileSystemSynchronizedBuildFileExceptionSet section */
		DC652AD2CF909EE771F33D9A /* Exceptions for "swiss_bar" folder in "swiss_barWidgets" target */ = {
			isa = PBXFileSystemSynchronizedBuildFileExceptionSet;
			membershipExceptions = (
				ClaudeUsage/ClaudeUsageSnapshot.swift,
				ClaudeUsage/ClaudeUsageSeverity.swift,
				ClaudeUsage/ClaudeUsageSeverityColor.swift,
				ClaudeUsage/ClaudeUsageSharedStore.swift,
			);
			target = 2021601FB3DCD04C71E9BE80 /* swiss_barWidgets */;
		};
/* End PBXFileSystemSynchronizedBuildFileExceptionSet section */

/* Begin PBXFileSystemSynchronizedRootGroup section */
		0C173A273008C98B000EDC2D /* swiss_bar */ = {
			isa = PBXFileSystemSynchronizedRootGroup;
			exceptions = (
				DC652AD2CF909EE771F33D9A /* Exceptions for "swiss_bar" folder in "swiss_barWidgets" target */,
			);
			path = swiss_bar;
			sourceTree = "<group>";
		};
		0C173A353008C98D000EDC2D /* swiss_barTests */ = {
			isa = PBXFileSystemSynchronizedRootGroup;
			exceptions = (
			);
			path = swiss_barTests;
			sourceTree = "<group>";
		};
		0C173A3F3008C98D000EDC2D /* swiss_barUITests */ = {
			isa = PBXFileSystemSynchronizedRootGroup;
			exceptions = (
			);
			path = swiss_barUITests;
			sourceTree = "<group>";
		};
		A184F5801E31DEA89AA30392 /* swiss_barWidgets */ = {
			isa = PBXFileSystemSynchronizedRootGroup;
			exceptions = (
			);
			path = swiss_barWidgets;
			sourceTree = "<group>";
		};
/* End PBXFileSystemSynchronizedRootGroup section */

/* Begin PBXFrameworksBuildPhase section */
		0C173A223008C98B000EDC2D /* Frameworks */ = {
			isa = PBXFrameworksBuildPhase;
			buildActionMask = 2147483647;
			files = (
			);
			runOnlyForDeploymentPostprocessing = 0;
		};
		0C173A2F3008C98D000EDC2D /* Frameworks */ = {
			isa = PBXFrameworksBuildPhase;
			buildActionMask = 2147483647;
			files = (
			);
			runOnlyForDeploymentPostprocessing = 0;
		};
		0C173A393008C98D000EDC2D /* Frameworks */ = {
			isa = PBXFrameworksBuildPhase;
			buildActionMask = 2147483647;
			files = (
			);
			runOnlyForDeploymentPostprocessing = 0;
		};
		80605B5854B6CCB023102EC9 /* Frameworks */ = {
			isa = PBXFrameworksBuildPhase;
			buildActionMask = 2147483647;
			files = (
				B0BA9319675ECF4848C7E970 /* Cocoa.framework in Frameworks */,
			);
			runOnlyForDeploymentPostprocessing = 0;
		};
/* End PBXFrameworksBuildPhase section */

/* Begin PBXGroup section */
		0C173A1C3008C98B000EDC2D = {
			isa = PBXGroup;
			children = (
				0C173A273008C98B000EDC2D /* swiss_bar */,
				0C173A353008C98D000EDC2D /* swiss_barTests */,
				0C173A3F3008C98D000EDC2D /* swiss_barUITests */,
				0C173A263008C98B000EDC2D /* Products */,
				697381B5EF784DE0E5141A23 /* Frameworks */,
				A184F5801E31DEA89AA30392 /* swiss_barWidgets */,
			);
			sourceTree = "<group>";
		};
		0C173A263008C98B000EDC2D /* Products */ = {
			isa = PBXGroup;
			children = (
				0C173A253008C98B000EDC2D /* swiss_bar.app */,
				0C173A323008C98D000EDC2D /* swiss_barTests.xctest */,
				0C173A3C3008C98D000EDC2D /* swiss_barUITests.xctest */,
				AA487C6B4CFC4352B4B68D6D /* swiss_barWidgets.appex */,
			);
			name = Products;
			sourceTree = "<group>";
		};
		2245175396AF947AEA3A99A7 /* OS X */ = {
			isa = PBXGroup;
			children = (
				2DE38EE1C13C67C83196F298 /* Cocoa.framework */,
			);
			name = "OS X";
			sourceTree = "<group>";
		};
		697381B5EF784DE0E5141A23 /* Frameworks */ = {
			isa = PBXGroup;
			children = (
				2245175396AF947AEA3A99A7 /* OS X */,
			);
			name = Frameworks;
			sourceTree = "<group>";
		};
/* End PBXGroup section */

/* Begin PBXNativeTarget section */
		0C173A243008C98B000EDC2D /* swiss_bar */ = {
			isa = PBXNativeTarget;
			buildConfigurationList = 0C173A463008C98D000EDC2D /* Build configuration list for PBXNativeTarget "swiss_bar" */;
			buildPhases = (
				0C173A213008C98B000EDC2D /* Sources */,
				0C173A223008C98B000EDC2D /* Frameworks */,
				0C173A233008C98B000EDC2D /* Resources */,
				DED85FDC3C6939F3EBF3B6A4 /* Embed Foundation Extensions */,
			);
			buildRules = (
			);
			dependencies = (
				70DF3772D5A6017F3146B5C0 /* PBXTargetDependency */,
			);
			fileSystemSynchronizedGroups = (
				0C173A273008C98B000EDC2D /* swiss_bar */,
			);
			name = swiss_bar;
			productName = swiss_bar;
			productReference = 0C173A253008C98B000EDC2D /* swiss_bar.app */;
			productType = "com.apple.product-type.application";
		};
		0C173A313008C98D000EDC2D /* swiss_barTests */ = {
			isa = PBXNativeTarget;
			buildConfigurationList = 0C173A493008C98D000EDC2D /* Build configuration list for PBXNativeTarget "swiss_barTests" */;
			buildPhases = (
				0C173A2E3008C98D000EDC2D /* Sources */,
				0C173A2F3008C98D000EDC2D /* Frameworks */,
				0C173A303008C98D000EDC2D /* Resources */,
			);
			buildRules = (
			);
			dependencies = (
				0C173A343008C98D000EDC2D /* PBXTargetDependency */,
			);
			fileSystemSynchronizedGroups = (
				0C173A353008C98D000EDC2D /* swiss_barTests */,
			);
			name = swiss_barTests;
			productName = swiss_barTests;
			productReference = 0C173A323008C98D000EDC2D /* swiss_barTests.xctest */;
			productType = "com.apple.product-type.bundle.unit-test";
		};
		0C173A3B3008C98D000EDC2D /* swiss_barUITests */ = {
			isa = PBXNativeTarget;
			buildConfigurationList = 0C173A4C3008C98D000EDC2D /* Build configuration list for PBXNativeTarget "swiss_barUITests" */;
			buildPhases = (
				0C173A383008C98D000EDC2D /* Sources */,
				0C173A393008C98D000EDC2D /* Frameworks */,
				0C173A3A3008C98D000EDC2D /* Resources */,
			);
			buildRules = (
			);
			dependencies = (
				0C173A3E3008C98D000EDC2D /* PBXTargetDependency */,
			);
			fileSystemSynchronizedGroups = (
				0C173A3F3008C98D000EDC2D /* swiss_barUITests */,
			);
			name = swiss_barUITests;
			productName = swiss_barUITests;
			productReference = 0C173A3C3008C98D000EDC2D /* swiss_barUITests.xctest */;
			productType = "com.apple.product-type.bundle.ui-testing";
		};
		2021601FB3DCD04C71E9BE80 /* swiss_barWidgets */ = {
			isa = PBXNativeTarget;
			buildConfigurationList = EAC4BF2C2917560C20562F28 /* Build configuration list for PBXNativeTarget "swiss_barWidgets" */;
			buildPhases = (
				1BACC41CFD644EDDACD3B8B3 /* Sources */,
				80605B5854B6CCB023102EC9 /* Frameworks */,
				F8934D79871ED9E52A445293 /* Resources */,
			);
			buildRules = (
			);
			dependencies = (
			);
			fileSystemSynchronizedGroups = (
				A184F5801E31DEA89AA30392 /* swiss_barWidgets */,
			);
			name = swiss_barWidgets;
			productName = swiss_barWidgets;
			productReference = AA487C6B4CFC4352B4B68D6D /* swiss_barWidgets.appex */;
			productType = "com.apple.product-type.app-extension";
		};
/* End PBXNativeTarget section */

/* Begin PBXProject section */
		0C173A1D3008C98B000EDC2D /* Project object */ = {
			isa = PBXProject;
			attributes = {
				BuildIndependentTargetsInParallel = 1;
				LastSwiftUpdateCheck = 2660;
				LastUpgradeCheck = 2660;
				TargetAttributes = {
					0C173A243008C98B000EDC2D = {
						CreatedOnToolsVersion = 26.6;
					};
					0C173A313008C98D000EDC2D = {
						CreatedOnToolsVersion = 26.6;
						TestTargetID = 0C173A243008C98B000EDC2D;
					};
					0C173A3B3008C98D000EDC2D = {
						CreatedOnToolsVersion = 26.6;
						TestTargetID = 0C173A243008C98B000EDC2D;
					};
				};
			};
			buildConfigurationList = 0C173A203008C98B000EDC2D /* Build configuration list for PBXProject "swiss_bar" */;
			developmentRegion = en;
			hasScannedForEncodings = 0;
			knownRegions = (
				en,
				Base,
			);
			mainGroup = 0C173A1C3008C98B000EDC2D;
			minimizedProjectReferenceProxies = 1;
			preferredProjectObjectVersion = 77;
			productRefGroup = 0C173A263008C98B000EDC2D /* Products */;
			projectDirPath = "";
			projectRoot = "";
			targets = (
				0C173A243008C98B000EDC2D /* swiss_bar */,
				0C173A313008C98D000EDC2D /* swiss_barTests */,
				0C173A3B3008C98D000EDC2D /* swiss_barUITests */,
				2021601FB3DCD04C71E9BE80 /* swiss_barWidgets */,
			);
		};
/* End PBXProject section */

/* Begin PBXResourcesBuildPhase section */
		0C173A233008C98B000EDC2D /* Resources */ = {
			isa = PBXResourcesBuildPhase;
			buildActionMask = 2147483647;
			files = (
			);
			runOnlyForDeploymentPostprocessing = 0;
		};
		0C173A303008C98D000EDC2D /* Resources */ = {
			isa = PBXResourcesBuildPhase;
			buildActionMask = 2147483647;
			files = (
			);
			runOnlyForDeploymentPostprocessing = 0;
		};
		0C173A3A3008C98D000EDC2D /* Resources */ = {
			isa = PBXResourcesBuildPhase;
			buildActionMask = 2147483647;
			files = (
			);
			runOnlyForDeploymentPostprocessing = 0;
		};
		F8934D79871ED9E52A445293 /* Resources */ = {
			isa = PBXResourcesBuildPhase;
			buildActionMask = 2147483647;
			files = (
			);
			runOnlyForDeploymentPostprocessing = 0;
		};
/* End PBXResourcesBuildPhase section */

/* Begin PBXSourcesBuildPhase section */
		0C173A213008C98B000EDC2D /* Sources */ = {
			isa = PBXSourcesBuildPhase;
			buildActionMask = 2147483647;
			files = (
			);
			runOnlyForDeploymentPostprocessing = 0;
		};
		0C173A2E3008C98D000EDC2D /* Sources */ = {
			isa = PBXSourcesBuildPhase;
			buildActionMask = 2147483647;
			files = (
			);
			runOnlyForDeploymentPostprocessing = 0;
		};
		0C173A383008C98D000EDC2D /* Sources */ = {
			isa = PBXSourcesBuildPhase;
			buildActionMask = 2147483647;
			files = (
			);
			runOnlyForDeploymentPostprocessing = 0;
		};
		1BACC41CFD644EDDACD3B8B3 /* Sources */ = {
			isa = PBXSourcesBuildPhase;
			buildActionMask = 2147483647;
			files = (
			);
			runOnlyForDeploymentPostprocessing = 0;
		};
/* End PBXSourcesBuildPhase section */

/* Begin PBXTargetDependency section */
		0C173A343008C98D000EDC2D /* PBXTargetDependency */ = {
			isa = PBXTargetDependency;
			target = 0C173A243008C98B000EDC2D /* swiss_bar */;
			targetProxy = 0C173A333008C98D000EDC2D /* PBXContainerItemProxy */;
		};
		0C173A3E3008C98D000EDC2D /* PBXTargetDependency */ = {
			isa = PBXTargetDependency;
			target = 0C173A243008C98B000EDC2D /* swiss_bar */;
			targetProxy = 0C173A3D3008C98D000EDC2D /* PBXContainerItemProxy */;
		};
		70DF3772D5A6017F3146B5C0 /* PBXTargetDependency */ = {
			isa = PBXTargetDependency;
			name = swiss_barWidgets;
			target = 2021601FB3DCD04C71E9BE80 /* swiss_barWidgets */;
			targetProxy = 62FA0B0411502DB1E360857C /* PBXContainerItemProxy */;
		};
/* End PBXTargetDependency section */

/* Begin XCBuildConfiguration section */
		00B7A285E7452CBE67D57F95 /* Release */ = {
			isa = XCBuildConfiguration;
			buildSettings = {
				CODE_SIGN_ENTITLEMENTS = swiss_barWidgets/swiss_barWidgets.entitlements;
				CODE_SIGN_STYLE = Automatic;
				CURRENT_PROJECT_VERSION = 1;
				DEVELOPMENT_TEAM = 7BLK6NGM28;
				GENERATE_INFOPLIST_FILE = NO;
				INFOPLIST_FILE = swiss_barWidgets/Info.plist;
				LD_RUNPATH_SEARCH_PATHS = (
					"$(inherited)",
					"@executable_path/Frameworks",
					"@executable_path/../../Frameworks",
				);
				MACOSX_DEPLOYMENT_TARGET = 26.5;
				MARKETING_VERSION = 1.0;
				PRODUCT_BUNDLE_IDENTIFIER = "com.MBI.swiss-bar.Widgets";
				PRODUCT_NAME = "$(TARGET_NAME)";
				SDKROOT = macosx;
				SKIP_INSTALL = YES;
				SWIFT_APPROACHABLE_CONCURRENCY = YES;
				SWIFT_DEFAULT_ACTOR_ISOLATION = MainActor;
				SWIFT_EMIT_LOC_STRINGS = YES;
				SWIFT_UPCOMING_FEATURE_MEMBER_IMPORT_VISIBILITY = YES;
				SWIFT_VERSION = 5.0;
			};
			name = Release;
		};
		0C173A443008C98D000EDC2D /* Debug */ = {
			isa = XCBuildConfiguration;
			buildSettings = {
				ALWAYS_SEARCH_USER_PATHS = NO;
				ASSETCATALOG_COMPILER_GENERATE_SWIFT_ASSET_SYMBOL_EXTENSIONS = YES;
				CLANG_ANALYZER_NONNULL = YES;
				CLANG_ANALYZER_NUMBER_OBJECT_CONVERSION = YES_AGGRESSIVE;
				CLANG_CXX_LANGUAGE_STANDARD = "gnu++20";
				CLANG_ENABLE_MODULES = YES;
				CLANG_ENABLE_OBJC_ARC = YES;
				CLANG_ENABLE_OBJC_WEAK = YES;
				CLANG_WARN_BLOCK_CAPTURE_AUTORELEASING = YES;
				CLANG_WARN_BOOL_CONVERSION = YES;
				CLANG_WARN_COMMA = YES;
				CLANG_WARN_CONSTANT_CONVERSION = YES;
				CLANG_WARN_DEPRECATED_OBJC_IMPLEMENTATIONS = YES;
				CLANG_WARN_DIRECT_OBJC_ISA_USAGE = YES_ERROR;
				CLANG_WARN_DOCUMENTATION_COMMENTS = YES;
				CLANG_WARN_EMPTY_BODY = YES;
				CLANG_WARN_ENUM_CONVERSION = YES;
				CLANG_WARN_INFINITE_RECURSION = YES;
				CLANG_WARN_INT_CONVERSION = YES;
				CLANG_WARN_NON_LITERAL_NULL_CONVERSION = YES;
				CLANG_WARN_OBJC_IMPLICIT_RETAIN_SELF = YES;
				CLANG_WARN_OBJC_LITERAL_CONVERSION = YES;
				CLANG_WARN_OBJC_ROOT_CLASS = YES_ERROR;
				CLANG_WARN_QUOTED_INCLUDE_IN_FRAMEWORK_HEADER = YES;
				CLANG_WARN_RANGE_LOOP_ANALYSIS = YES;
				CLANG_WARN_STRICT_PROTOTYPES = YES;
				CLANG_WARN_SUSPICIOUS_MOVE = YES;
				CLANG_WARN_UNGUARDED_AVAILABILITY = YES_AGGRESSIVE;
				CLANG_WARN_UNREACHABLE_CODE = YES;
				CLANG_WARN__DUPLICATE_METHOD_MATCH = YES;
				COPY_PHASE_STRIP = NO;
				DEBUG_INFORMATION_FORMAT = dwarf;
				ENABLE_STRICT_OBJC_MSGSEND = YES;
				ENABLE_TESTABILITY = YES;
				ENABLE_USER_SCRIPT_SANDBOXING = YES;
				GCC_C_LANGUAGE_STANDARD = gnu17;
				GCC_DYNAMIC_NO_PIC = NO;
				GCC_NO_COMMON_BLOCKS = YES;
				GCC_OPTIMIZATION_LEVEL = 0;
				GCC_PREPROCESSOR_DEFINITIONS = (
					"DEBUG=1",
					"$(inherited)",
				);
				GCC_WARN_64_TO_32_BIT_CONVERSION = YES;
				GCC_WARN_ABOUT_RETURN_TYPE = YES_ERROR;
				GCC_WARN_UNDECLARED_SELECTOR = YES;
				GCC_WARN_UNINITIALIZED_AUTOS = YES_AGGRESSIVE;
				GCC_WARN_UNUSED_FUNCTION = YES;
				GCC_WARN_UNUSED_VARIABLE = YES;
				LOCALIZATION_PREFERS_STRING_CATALOGS = YES;
				MACOSX_DEPLOYMENT_TARGET = 26.5;
				MTL_ENABLE_DEBUG_INFO = INCLUDE_SOURCE;
				MTL_FAST_MATH = YES;
				ONLY_ACTIVE_ARCH = YES;
				SDKROOT = macosx;
				SWIFT_ACTIVE_COMPILATION_CONDITIONS = "DEBUG $(inherited)";
				SWIFT_OPTIMIZATION_LEVEL = "-Onone";
			};
			name = Debug;
		};
		0C173A453008C98D000EDC2D /* Release */ = {
			isa = XCBuildConfiguration;
			buildSettings = {
				ALWAYS_SEARCH_USER_PATHS = NO;
				ASSETCATALOG_COMPILER_GENERATE_SWIFT_ASSET_SYMBOL_EXTENSIONS = YES;
				CLANG_ANALYZER_NONNULL = YES;
				CLANG_ANALYZER_NUMBER_OBJECT_CONVERSION = YES_AGGRESSIVE;
				CLANG_CXX_LANGUAGE_STANDARD = "gnu++20";
				CLANG_ENABLE_MODULES = YES;
				CLANG_ENABLE_OBJC_ARC = YES;
				CLANG_ENABLE_OBJC_WEAK = YES;
				CLANG_WARN_BLOCK_CAPTURE_AUTORELEASING = YES;
				CLANG_WARN_BOOL_CONVERSION = YES;
				CLANG_WARN_COMMA = YES;
				CLANG_WARN_CONSTANT_CONVERSION = YES;
				CLANG_WARN_DEPRECATED_OBJC_IMPLEMENTATIONS = YES;
				CLANG_WARN_DIRECT_OBJC_ISA_USAGE = YES_ERROR;
				CLANG_WARN_DOCUMENTATION_COMMENTS = YES;
				CLANG_WARN_EMPTY_BODY = YES;
				CLANG_WARN_ENUM_CONVERSION = YES;
				CLANG_WARN_INFINITE_RECURSION = YES;
				CLANG_WARN_INT_CONVERSION = YES;
				CLANG_WARN_NON_LITERAL_NULL_CONVERSION = YES;
				CLANG_WARN_OBJC_IMPLICIT_RETAIN_SELF = YES;
				CLANG_WARN_OBJC_LITERAL_CONVERSION = YES;
				CLANG_WARN_OBJC_ROOT_CLASS = YES_ERROR;
				CLANG_WARN_QUOTED_INCLUDE_IN_FRAMEWORK_HEADER = YES;
				CLANG_WARN_RANGE_LOOP_ANALYSIS = YES;
				CLANG_WARN_STRICT_PROTOTYPES = YES;
				CLANG_WARN_SUSPICIOUS_MOVE = YES;
				CLANG_WARN_UNGUARDED_AVAILABILITY = YES_AGGRESSIVE;
				CLANG_WARN_UNREACHABLE_CODE = YES;
				CLANG_WARN__DUPLICATE_METHOD_MATCH = YES;
				COPY_PHASE_STRIP = NO;
				DEBUG_INFORMATION_FORMAT = "dwarf-with-dsym";
				ENABLE_NS_ASSERTIONS = NO;
				ENABLE_STRICT_OBJC_MSGSEND = YES;
				ENABLE_USER_SCRIPT_SANDBOXING = YES;
				GCC_C_LANGUAGE_STANDARD = gnu17;
				GCC_NO_COMMON_BLOCKS = YES;
				GCC_WARN_64_TO_32_BIT_CONVERSION = YES;
				GCC_WARN_ABOUT_RETURN_TYPE = YES_ERROR;
				GCC_WARN_UNDECLARED_SELECTOR = YES;
				GCC_WARN_UNINITIALIZED_AUTOS = YES_AGGRESSIVE;
				GCC_WARN_UNUSED_FUNCTION = YES;
				GCC_WARN_UNUSED_VARIABLE = YES;
				LOCALIZATION_PREFERS_STRING_CATALOGS = YES;
				MACOSX_DEPLOYMENT_TARGET = 26.5;
				MTL_ENABLE_DEBUG_INFO = NO;
				MTL_FAST_MATH = YES;
				SDKROOT = macosx;
				SWIFT_COMPILATION_MODE = wholemodule;
			};
			name = Release;
		};
		0C173A473008C98D000EDC2D /* Debug */ = {
			isa = XCBuildConfiguration;
			buildSettings = {
				ASSETCATALOG_COMPILER_APPICON_NAME = AppIcon;
				ASSETCATALOG_COMPILER_GLOBAL_ACCENT_COLOR_NAME = AccentColor;
				CODE_SIGN_ENTITLEMENTS = swiss_bar/swiss_bar.entitlements;
				CODE_SIGN_STYLE = Automatic;
				COMBINE_HIDPI_IMAGES = YES;
				CURRENT_PROJECT_VERSION = 1;
				DEVELOPMENT_TEAM = 7BLK6NGM28;
				ENABLE_PREVIEWS = YES;
				GENERATE_INFOPLIST_FILE = YES;
				INFOPLIST_KEY_LSUIElement = YES;
				INFOPLIST_KEY_NSHumanReadableCopyright = "";
				LD_RUNPATH_SEARCH_PATHS = (
					"$(inherited)",
					"@executable_path/../Frameworks",
				);
				MARKETING_VERSION = 1.0;
				PRODUCT_BUNDLE_IDENTIFIER = "com.MBI.swiss-bar-dev";
				PRODUCT_MODULE_NAME = swiss_bar;
				PRODUCT_NAME = swiss_bar_dev;
				STRING_CATALOG_GENERATE_SYMBOLS = YES;
				SWIFT_APPROACHABLE_CONCURRENCY = YES;
				SWIFT_DEFAULT_ACTOR_ISOLATION = MainActor;
				SWIFT_EMIT_LOC_STRINGS = YES;
				SWIFT_UPCOMING_FEATURE_MEMBER_IMPORT_VISIBILITY = YES;
				SWIFT_VERSION = 5.0;
			};
			name = Debug;
		};
		0C173A483008C98D000EDC2D /* Release */ = {
			isa = XCBuildConfiguration;
			buildSettings = {
				ASSETCATALOG_COMPILER_APPICON_NAME = AppIcon;
				ASSETCATALOG_COMPILER_GLOBAL_ACCENT_COLOR_NAME = AccentColor;
				CODE_SIGN_ENTITLEMENTS = swiss_bar/swiss_bar.entitlements;
				CODE_SIGN_STYLE = Automatic;
				COMBINE_HIDPI_IMAGES = YES;
				CURRENT_PROJECT_VERSION = 1;
				DEVELOPMENT_TEAM = 7BLK6NGM28;
				ENABLE_PREVIEWS = YES;
				GENERATE_INFOPLIST_FILE = YES;
				INFOPLIST_KEY_LSUIElement = YES;
				INFOPLIST_KEY_NSHumanReadableCopyright = "";
				LD_RUNPATH_SEARCH_PATHS = (
					"$(inherited)",
					"@executable_path/../Frameworks",
				);
				MARKETING_VERSION = 1.0;
				PRODUCT_BUNDLE_IDENTIFIER = "com.MBI.swiss-bar";
				PRODUCT_NAME = "$(TARGET_NAME)";
				STRING_CATALOG_GENERATE_SYMBOLS = YES;
				SWIFT_APPROACHABLE_CONCURRENCY = YES;
				SWIFT_DEFAULT_ACTOR_ISOLATION = MainActor;
				SWIFT_EMIT_LOC_STRINGS = YES;
				SWIFT_UPCOMING_FEATURE_MEMBER_IMPORT_VISIBILITY = YES;
				SWIFT_VERSION = 5.0;
			};
			name = Release;
		};
		0C173A4A3008C98D000EDC2D /* Debug */ = {
			isa = XCBuildConfiguration;
			buildSettings = {
				BUNDLE_LOADER = "$(TEST_HOST)";
				CODE_SIGN_STYLE = Automatic;
				CURRENT_PROJECT_VERSION = 1;
				GENERATE_INFOPLIST_FILE = YES;
				MACOSX_DEPLOYMENT_TARGET = 26.5;
				MARKETING_VERSION = 1.0;
				PRODUCT_BUNDLE_IDENTIFIER = "com.MBI.swiss-barTests";
				PRODUCT_NAME = "$(TARGET_NAME)";
				STRING_CATALOG_GENERATE_SYMBOLS = NO;
				SWIFT_APPROACHABLE_CONCURRENCY = YES;
				SWIFT_EMIT_LOC_STRINGS = NO;
				SWIFT_UPCOMING_FEATURE_MEMBER_IMPORT_VISIBILITY = YES;
				SWIFT_VERSION = 5.0;
				TEST_HOST = "$(BUILT_PRODUCTS_DIR)/swiss_bar_dev.app/$(BUNDLE_EXECUTABLE_FOLDER_PATH)/swiss_bar_dev";
			};
			name = Debug;
		};
		0C173A4B3008C98D000EDC2D /* Release */ = {
			isa = XCBuildConfiguration;
			buildSettings = {
				BUNDLE_LOADER = "$(TEST_HOST)";
				CODE_SIGN_STYLE = Automatic;
				CURRENT_PROJECT_VERSION = 1;
				GENERATE_INFOPLIST_FILE = YES;
				MACOSX_DEPLOYMENT_TARGET = 26.5;
				MARKETING_VERSION = 1.0;
				PRODUCT_BUNDLE_IDENTIFIER = "com.MBI.swiss-barTests";
				PRODUCT_NAME = "$(TARGET_NAME)";
				STRING_CATALOG_GENERATE_SYMBOLS = NO;
				SWIFT_APPROACHABLE_CONCURRENCY = YES;
				SWIFT_EMIT_LOC_STRINGS = NO;
				SWIFT_UPCOMING_FEATURE_MEMBER_IMPORT_VISIBILITY = YES;
				SWIFT_VERSION = 5.0;
				TEST_HOST = "$(BUILT_PRODUCTS_DIR)/swiss_bar.app/$(BUNDLE_EXECUTABLE_FOLDER_PATH)/swiss_bar";
			};
			name = Release;
		};
		0C173A4D3008C98D000EDC2D /* Debug */ = {
			isa = XCBuildConfiguration;
			buildSettings = {
				CODE_SIGN_STYLE = Automatic;
				CURRENT_PROJECT_VERSION = 1;
				GENERATE_INFOPLIST_FILE = YES;
				MARKETING_VERSION = 1.0;
				PRODUCT_BUNDLE_IDENTIFIER = "com.MBI.swiss-barUITests";
				PRODUCT_NAME = "$(TARGET_NAME)";
				STRING_CATALOG_GENERATE_SYMBOLS = NO;
				SWIFT_APPROACHABLE_CONCURRENCY = YES;
				SWIFT_EMIT_LOC_STRINGS = NO;
				SWIFT_UPCOMING_FEATURE_MEMBER_IMPORT_VISIBILITY = YES;
				SWIFT_VERSION = 5.0;
				TEST_TARGET_NAME = swiss_bar;
			};
			name = Debug;
		};
		0C173A4E3008C98D000EDC2D /* Release */ = {
			isa = XCBuildConfiguration;
			buildSettings = {
				CODE_SIGN_STYLE = Automatic;
				CURRENT_PROJECT_VERSION = 1;
				GENERATE_INFOPLIST_FILE = YES;
				MARKETING_VERSION = 1.0;
				PRODUCT_BUNDLE_IDENTIFIER = "com.MBI.swiss-barUITests";
				PRODUCT_NAME = "$(TARGET_NAME)";
				STRING_CATALOG_GENERATE_SYMBOLS = NO;
				SWIFT_APPROACHABLE_CONCURRENCY = YES;
				SWIFT_EMIT_LOC_STRINGS = NO;
				SWIFT_UPCOMING_FEATURE_MEMBER_IMPORT_VISIBILITY = YES;
				SWIFT_VERSION = 5.0;
				TEST_TARGET_NAME = swiss_bar;
			};
			name = Release;
		};
		1BE942EF9C8D99613647E32F /* Debug */ = {
			isa = XCBuildConfiguration;
			buildSettings = {
				CODE_SIGN_ENTITLEMENTS = swiss_barWidgets/swiss_barWidgets.entitlements;
				CODE_SIGN_STYLE = Automatic;
				CURRENT_PROJECT_VERSION = 1;
				DEVELOPMENT_TEAM = 7BLK6NGM28;
				GENERATE_INFOPLIST_FILE = NO;
				INFOPLIST_FILE = swiss_barWidgets/Info.plist;
				LD_RUNPATH_SEARCH_PATHS = (
					"$(inherited)",
					"@executable_path/Frameworks",
					"@executable_path/../../Frameworks",
				);
				MACOSX_DEPLOYMENT_TARGET = 26.5;
				MARKETING_VERSION = 1.0;
				PRODUCT_BUNDLE_IDENTIFIER = "com.MBI.swiss-bar-dev.Widgets";
				PRODUCT_NAME = "$(TARGET_NAME)";
				SDKROOT = macosx;
				SKIP_INSTALL = YES;
				SWIFT_APPROACHABLE_CONCURRENCY = YES;
				SWIFT_DEFAULT_ACTOR_ISOLATION = MainActor;
				SWIFT_EMIT_LOC_STRINGS = YES;
				SWIFT_UPCOMING_FEATURE_MEMBER_IMPORT_VISIBILITY = YES;
				SWIFT_VERSION = 5.0;
			};
			name = Debug;
		};
/* End XCBuildConfiguration section */

/* Begin XCConfigurationList section */
		0C173A203008C98B000EDC2D /* Build configuration list for PBXProject "swiss_bar" */ = {
			isa = XCConfigurationList;
			buildConfigurations = (
				0C173A443008C98D000EDC2D /* Debug */,
				0C173A453008C98D000EDC2D /* Release */,
			);
			defaultConfigurationIsVisible = 0;
			defaultConfigurationName = Release;
		};
		0C173A463008C98D000EDC2D /* Build configuration list for PBXNativeTarget "swiss_bar" */ = {
			isa = XCConfigurationList;
			buildConfigurations = (
				0C173A473008C98D000EDC2D /* Debug */,
				0C173A483008C98D000EDC2D /* Release */,
			);
			defaultConfigurationIsVisible = 0;
			defaultConfigurationName = Release;
		};
		0C173A493008C98D000EDC2D /* Build configuration list for PBXNativeTarget "swiss_barTests" */ = {
			isa = XCConfigurationList;
			buildConfigurations = (
				0C173A4A3008C98D000EDC2D /* Debug */,
				0C173A4B3008C98D000EDC2D /* Release */,
			);
			defaultConfigurationIsVisible = 0;
			defaultConfigurationName = Release;
		};
		0C173A4C3008C98D000EDC2D /* Build configuration list for PBXNativeTarget "swiss_barUITests" */ = {
			isa = XCConfigurationList;
			buildConfigurations = (
				0C173A4D3008C98D000EDC2D /* Debug */,
				0C173A4E3008C98D000EDC2D /* Release */,
			);
			defaultConfigurationIsVisible = 0;
			defaultConfigurationName = Release;
		};
		EAC4BF2C2917560C20562F28 /* Build configuration list for PBXNativeTarget "swiss_barWidgets" */ = {
			isa = XCConfigurationList;
			buildConfigurations = (
				00B7A285E7452CBE67D57F95 /* Release */,
				1BE942EF9C8D99613647E32F /* Debug */,
			);
			defaultConfigurationIsVisible = 0;
			defaultConfigurationName = Release;
		};
/* End XCConfigurationList section */
	};
	rootObject = 0C173A1D3008C98B000EDC2D /* Project object */;
}
